// !$*UTF8*$!
{
	archiveVersion = 1;
	classes = {
	};
	objectVersion = 50;
	objects = {

/* Begin PBXBuildFile section */
		2726872822D3B9A6002145BF /* AppDelegate.swift in Sources */ = {isa = PBXBuildFile; fileRef = 2726872722D3B9A6002145BF /* AppDelegate.swift */; };
		2726872A22D3B9A6002145BF /* ViewController.swift in Sources */ = {isa = PBXBuildFile; fileRef = 2726872922D3B9A6002145BF /* ViewController.swift */; };
		2726872D22D3B9A6002145BF /* Main.storyboard in Resources */ = {isa = PBXBuildFile; fileRef = 2726872B22D3B9A6002145BF /* Main.storyboard */; };
		2726872F22D3B9A7002145BF /* Assets.xcassets in Resources */ = {isa = PBXBuildFile; fileRef = 2726872E22D3B9A7002145BF /* Assets.xcassets */; };
		2726873222D3B9A7002145BF /* LaunchScreen.storyboard in Resources */ = {isa = PBXBuildFile; fileRef = 2726873022D3B9A7002145BF /* LaunchScreen.storyboard */; };
		7F8D0887C56D46FAF58EFD38 /* Pods_Shaking.framework in Frameworks */ = {isa = PBXBuildFile; fileRef = 9CF7F018511AC0E0E86FC01C /* Pods_Shaking.framework */; };
/* End PBXBuildFile section */

/* Begin PBXFileReference section */
		2726872422D3B9A6002145BF /* Shaking.app */ = {isa = PBXFileReference; explicitFileType = wrapper.application; includeInIndex = 0; path = Shaking.app; sourceTree = BUILT_PRODUCTS_DIR; };
		2726872722D3B9A6002145BF /* AppDelegate.swift */ = {isa = PBXFileReference; lastKnownFileType = sourcecode.swift; path = AppDelegate.swift; sourceTree = "<group>"; };
		2726872922D3B9A6002145BF /* ViewController.swift */ = {isa = PBXFileReference; lastKnownFileType = sourcecode.swift; path = ViewController.swift; sourceTree = "<group>"; };
		2726872C22D3B9A6002145BF /* Base */ = {isa = PBXFileReference; lastKnownFileType = file.storyboard; name = Base; path = Base.lproj/Main.storyboard; sourceTree = "<group>"; };
		2726872E22D3B9A7002145BF /* Assets.xcassets */ = {isa = PBXFileReference; lastKnownFileType = folder.assetcatalog; path = Assets.xcassets; sourceTree = "<group>"; };
		2726873122D3B9A7002145BF /* Base */ = {isa = PBXFileReference; lastKnownFileType = file.storyboard; name = Base; path = Base.lproj/LaunchScreen.storyboard; sourceTree = "<group>"; };
		2726873322D3B9A7002145BF /* Info.plist */ = {isa = PBXFileReference; lastKnownFileType = text.plist.xml; path = Info.plist; sourceTree = "<group>"; };
		61B734F1CAD82AA144E02D8C /* Pods-Shaking.debug.xcconfig */ = {isa = PBXFileReference; includeInIndex = 1; lastKnownFileType = text.xcconfig; name = "Pods-Shaking.debug.xcconfig"; path = "Pods/Target Support Files/Pods-Shaking/Pods-Shaking.debug.xcconfig"; sourceTree = "<group>"; };
		7B97F4A6AD979D24B7B2D007 /* Pods-Shaking.release.xcconfig */ = {isa = PBXFileReference; includeInIndex = 1; lastKnownFileType = text.xcconfig; name = "Pods-Shaking.release.xcconfig"; path = "Pods/Target Support Files/Pods-Shaking/Pods-Shaking.release.xcconfig"; sourceTree = "<group>"; };
		9CF7F018511AC0E0E86FC01C /* Pods_Shaking.framework */ = {isa = PBXFileReference; explicitFileType = wrapper.framework; includeInIndex = 0; path = Pods_Shaking.framework; sourceTree = BUILT_PRODUCTS_DIR; };
/* End PBXFileReference section */

/* Begin PBXFrameworksBuildPhase section */
		2726872122D3B9A6002145BF /* Frameworks */ = {
			isa = PBXFrameworksBuildPhase;
			buildActionMask = 2147483647;
			files = (
				7F8D0887C56D46FAF58EFD38 /* Pods_Shaking.framework in Frameworks */,
			);
			runOnlyForDeploymentPostprocessing = 0;
		};
/* End PBXFrameworksBuildPhase section */

/* Begin PBXGroup section */
		2726871B22D3B9A6002145BF = {
			isa = PBXGroup;
			children = (
				2726872622D3B9A6002145BF /* Shaking */,
				2726872522D3B9A6002145BF /* Products */,
				28C0B7EACB40BDF671C3BB1E /* Pods */,
				686C0DF76048B977EFAAF02E /* Frameworks */,
			);
			sourceTree = "<group>";
		};
		2726872522D3B9A6002145BF /* Products */ = {
			isa = PBXGroup;
			children = (
				2726872422D3B9A6002145BF /* Shaking.app */,
			);
			name = Products;
			sourceTree = "<group>";
		};
		2726872622D3B9A6002145BF /* Shaking */ = {
			isa = PBXGroup;
			children = (
				2726872722D3B9A6002145BF /* AppDelegate.swift */,
				2726872922D3B9A6002145BF /* ViewController.swift */,
				2726872B22D3B9A6002145BF /* Main.storyboard */,
				2726872E22D3B9A7002145BF /* Assets.xcassets */,
				2726873022D3B9A7002145BF /* LaunchScreen.storyboard */,
				2726873322D3B9A7002145BF /* Info.plist */,
			);
			path = Shaking;
			sourceTree = "<group>";
		};
		28C0B7EACB40BDF671C3BB1E /* Pods */ = {
			isa = PBXGroup;
			children = (
				61B734F1CAD82AA144E02D8C /* Pods-Shaking.debug.xcconfig */,
				7B97F4A6AD979D24B7B2D007 /* Pods-Shaking.release.xcconfig */,
			);
			name = Pods;
			sourceTree = "<group>";
		};
		686C0DF76048B977EFAAF02E /* Frameworks */ = {
			isa = PBXGroup;
			children = (
				9CF7F018511AC0E0E86FC01C /* Pods_Shaking.framework */,
			);
			name = Frameworks;
			sourceTree = "<group>";
		};
/* End PBXGroup section */

/* Begin PBXNativeTarget section */
		2726872322D3B9A6002145BF /* Shaking */ = {
			isa = PBXNativeTarget;
			buildConfigurationList = 2726873622D3B9A7002145BF /* Build configuration list for PBXNativeTarget "Shaking" */;
			buildPhases = (
				B00A4057DAB3DB7E984D2D54 /* [CP] Check Pods Manifest.lock */,
				2726872022D3B9A6002145BF /* Sources */,
				2726872122D3B9A6002145BF /* Frameworks */,
				2726872222D3B9A6002145BF /* Resources */,
				B63D45E73E6AFF691760044C /* [CP] Embed Pods Frameworks */,
			);
			buildRules = (
			);
			dependencies = (
			);
			name = Shaking;
			productName = Shaking;
			productReference = 2726872422D3B9A6002145BF /* Shaking.app */;
			productType = "com.apple.product-type.application";
		};
/* End PBXNativeTarget section */

/* Begin PBXProject section */
		2726871C22D3B9A6002145BF /* Project object */ = {
			isa = PBXProject;
			attributes = {
				LastSwiftUpdateCheck = 1020;
				LastUpgradeCheck = 1020;
				ORGANIZATIONNAME = mike;
				TargetAttributes = {
					2726872322D3B9A6002145BF = {
						CreatedOnToolsVersion = 10.2.1;
					};
				};
			};
			buildConfigurationList = 2726871F22D3B9A6002145BF /* Build configuration list for PBXProject "Shaking" */;
			compatibilityVersion = "Xcode 9.3";
			developmentRegion = en;
			hasScannedForEncodings = 0;
			knownRegions = (
				en,
				Base,
			);
			mainGroup = 2726871B22D3B9A6002145BF;
			productRefGroup = 2726872522D3B9A6002145BF /* Products */;
			projectDirPath = "";
			projectRoot = "";
			targets = (
				2726872322D3B9A6002145BF /* Shaking */,
			);
		};
/* End PBXProject section */

/* Begin PBXResourcesBuildPhase section */
		2726872222D3B9A6002145BF /* Resources */ = {
			isa = PBXResourcesBuildPhase;
			buildActionMask = 2147483647;
			files = (
				2726873222D3B9A7002145BF /* LaunchScreen.storyboard in Resources */,
				2726872F22D3B9A7002145BF /* Assets.xcassets in Resources */,
				2726872D22D3B9A6002145BF /* Main.storyboard in Resources */,
			);
			runOnlyForDeploymentPostprocessing = 0;
		};
/* End PBXResourcesBuildPhase section */

/* Begin PBXShellScriptBuildPhase section */
		B00A4057DAB3DB7E984D2D54 /* [CP] Check Pods Manifest.lock */ = {
			isa = PBXShellScriptBuildPhase;
			buildActionMask = 2147483647;
			files = (
			);
			inputFileListPaths = (
			);
			inputPaths = (
				"${PODS_PODFILE_DIR_PATH}/Podfile.lock",
				"${PODS_ROOT}/Manifest.lock",
			);
			name = "[CP] Check Pods Manifest.lock";
			outputFileListPaths = (
			);
			outputPaths = (
				"$(DERIVED_FILE_DIR)/Pods-Shaking-checkManifestLockResult.txt",
			);
			runOnlyForDeploymentPostprocessing = 0;
			shellPath = /bin/sh;
			shellScript = "diff \"${PODS_PODFILE_DIR_PATH}/Podfile.lock\" \"${PODS_ROOT}/Manifest.lock\" > /dev/null\nif [ $? != 0 ] ; then\n    # print error to STDERR\n    echo \"error: The sandbox is not in sync with the Podfile.lock. Run 'pod install' or update your CocoaPods installation.\" >&2\n    exit 1\nfi\n# This output is used by Xcode 'outputs' to avoid re-running this script phase.\necho \"SUCCESS\" > \"${SCRIPT_OUTPUT_FILE_0}\"\n";
			showEnvVarsInLog = 0;
		};
		B63D45E73E6AFF691760044C /* [CP] Embed Pods Frameworks */ = {
			isa = PBXShellScriptBuildPhase;
			buildActionMask = 2147483647;
			files = (
			);
			inputFileListPaths = (
			);
			inputPaths = (
				"${SRCROOT}/Pods/Target Support Files/Pods-Shaking/Pods-Shaking-frameworks.sh",
				"${BUILT_PRODUCTS_DIR}/UIView+Shake/UIView_Shake.framework",
			);
			name = "[CP] Embed Pods Frameworks";
			outputFileListPaths = (
			);
			outputPaths = (
				"${TARGET_BUILD_DIR}/${FRAMEWORKS_FOLDER_PATH}/UIView_Shake.framework",
			);
			runOnlyForDeploymentPostprocessing = 0;
			shellPath = /bin/sh;
			shellScript = "\"${SRCROOT}/Pods/Target Support Files/Pods-Shaking/Pods-Shaking-frameworks.sh\"\n";
			showEnvVarsInLog = 0;
		};
/* End PBXShellScriptBuildPhase section */

/* Begin PBXSourcesBuildPhase section */
		2726872022D3B9A6002145BF /* Sources */ = {
			isa = PBXSourcesBuildPhase;
			buildActionMask = 2147483647;
			files = (
				2726872A22D3B9A6002145BF /* ViewController.swift in Sources */,
				2726872822D3B9A6002145BF /* AppDelegate.swift in Sources */,
			);
			runOnlyForDeploymentPostprocessing = 0;
		};
/* End PBXSourcesBuildPhase section */

/* Begin PBXVariantGroup section */
		2726872B22D3B9A6002145BF /* Main.storyboard */ = {
			isa = PBXVariantGroup;
			children = (
				2726872C22D3B9A6002145BF /* Base */,
			);
			name = Main.storyboard;
			sourceTree = "<group>";
		};
		2726873022D3B9A7002145BF /* LaunchScreen.storyboard */ = {
			isa = PBXVariantGroup;
			children = (
				2726873122D3B9A7002145BF /* Base */,
			);
			name = LaunchScreen.storyboard;
			sourceTree = "<group>";
		};
/* End PBXVariantGroup section */

/* Begin XCBuildConfiguration section */
		2726873422D3B9A7002145BF /* Debug */ = {
			isa = XCBuildConfiguration;
			buildSettings = {
				ALWAYS_SEARCH_USER_PATHS = NO;
				CLANG_ANALYZER_NONNULL = YES;
				CLANG_ANALYZER_NUMBER_OBJECT_CONVERSION = YES_AGGRESSIVE;
				CLANG_CXX_LANGUAGE_STANDARD = "gnu++14";
				CLANG_CXX_LIBRARY = "libc++";
				CLANG_ENABLE_MODULES = YES;
				CLANG_ENABLE_OBJC_ARC = YES;
				CLANG_ENABLE_OBJC_WEAK = YES;
				CLANG_WARN_BLOCK_CAPTURE_AUTORELEASING = YES;
				CLANG_WARN_BOOL_CONVERSION = YES;
				CLANG_WARN_COMMA = YES;
				CLANG_WARN_CONSTANT_CONVERSION = YES;
				CLANG_WARN_DEPRECATED_OBJC_IMPLEMENTATIONS = YES;
				CLANG_WARN_DIRECT_OBJC_ISA_USAGE = YES_ERROR;
				CLANG_WARN_DOCUMENTATION_COMMENTS = YES;
				CLANG_WARN_EMPTY_BODY = YES;
				CLANG_WARN_ENUM_CONVERSION = YES;
				CLANG_WARN_INFINITE_RECURSION = YES;
				CLANG_WARN_INT_CONVERSION = YES;
				CLANG_WARN_NON_LITERAL_NULL_CONVERSION = YES;
				CLANG_WARN_OBJC_IMPLICIT_RETAIN_SELF = YES;
				CLANG_WARN_OBJC_LITERAL_CONVERSION = YES;
				CLANG_WARN_OBJC_ROOT_CLASS = YES_ERROR;
				CLANG_WARN_RANGE_LOOP_ANALYSIS = YES;
				CLANG_WARN_STRICT_PROTOTYPES = YES;
				CLANG_WARN_SUSPICIOUS_MOVE = YES;
				CLANG_WARN_UNGUARDED_AVAILABILITY = YES_AGGRESSIVE;
				CLANG_WARN_UNREACHABLE_CODE = YES;
				CLANG_WARN__DUPLICATE_METHOD_MATCH = YES;
				CODE_SIGN_IDENTITY = "iPhone Developer";
				COPY_PHASE_STRIP = NO;
				DEBUG_INFORMATION_FORMAT = dwarf;
				ENABLE_STRICT_OBJC_MSGSEND = YES;
				ENABLE_TESTABILITY = YES;
				GCC_C_LANGUAGE_STANDARD = gnu11;
				GCC_DYNAMIC_NO_PIC = NO;
				GCC_NO_COMMON_BLOCKS = YES;
				GCC_OPTIMIZATION_LEVEL = 0;
				GCC_PREPROCESSOR_DEFINITIONS = (
					"DEBUG=1",
					"$(inherited)",
				);
				GCC_WARN_64_TO_32_BIT_CONVERSION = YES;
				GCC_WARN_ABOUT_RETURN_TYPE = YES_ERROR;
				GCC_WARN_UNDECLARED_SELECTOR = YES;
				GCC_WARN_UNINITIALIZED_AUTOS = YES_AGGRESSIVE;
				GCC_WARN_UNUSED_FUNCTION = YES;
				GCC_WARN_UNUSED_VARIABLE = YES;
				IPHONEOS_DEPLOYMENT_TARGET = 12.2;
				MTL_ENABLE_DEBUG_INFO = INCLUDE_SOURCE;
				MTL_FAST_MATH = YES;
				ONLY_ACTIVE_ARCH = YES;
				SDKROOT = iphoneos;
				SWIFT_ACTIVE_COMPILATION_CONDITIONS = DEBUG;
				SWIFT_OPTIMIZATION_LEVEL = "-Onone";
			};
			name = Debug;
		};
		2726873522D3B9A7002145BF /* Release */ = {
			isa = XCBuildConfiguration;
			buildSettings = {
				ALWAYS_SEARCH_USER_PATHS = NO;
				CLANG_ANALYZER_NONNULL = YES;
				CLANG_ANALYZER_NUMBER_OBJECT_CONVERSION = YES_AGGRESSIVE;
				CLANG_CXX_LANGUAGE_STANDARD = "gnu++14";
				CLANG_CXX_LIBRARY = "libc++";
				CLANG_ENABLE_MODULES = YES;
				CLANG_ENABLE_OBJC_ARC = YES;
				CLANG_ENABLE_OBJC_WEAK = YES;
				CLANG_WARN_BLOCK_CAPTURE_AUTORELEASING = YES;
				CLANG_WARN_BOOL_CONVERSION = YES;
				CLANG_WARN_COMMA = YES;
				CLANG_WARN_CONSTANT_CONVERSION = YES;
				CLANG_WARN_DEPRECATED_OBJC_IMPLEMENTATIONS = YES;
				CLANG_WARN_DIRECT_OBJC_ISA_USAGE = YES_ERROR;
				CLANG_WARN_DOCUMENTATION_COMMENTS = YES;
				CLANG_WARN_EMPTY_BODY = YES;
				CLANG_WARN_ENUM_CONVERSION = YES;
				CLANG_WARN_INFINITE_RECURSION = YES;
				CLANG_WARN_INT_CONVERSION = YES;
				CLANG_WARN_NON_LITERAL_NULL_CONVERSION = YES;
				CLANG_WARN_OBJC_IMPLICIT_RETAIN_SELF = YES;
				CLANG_WARN_OBJC_LITERAL_CONVERSION = YES;
				CLANG_WARN_OBJC_ROOT_CLASS = YES_ERROR;
				CLANG_WARN_RANGE_LOOP_ANALYSIS = YES;
				CLANG_WARN_STRICT_PROTOTYPES = YES;
				CLANG_WARN_SUSPICIOUS_MOVE = YES;
				CLANG_WARN_UNGUARDED_AVAILABILITY = YES_AGGRESSIVE;
				CLANG_WARN_UNREACHABLE_CODE = YES;
				CLANG_WARN__DUPLICATE_METHOD_MATCH = YES;
				CODE_SIGN_IDENTITY = "iPhone Developer";
				COPY_PHASE_STRIP = NO;
				DEBUG_INFORMATION_FORMAT = "dwarf-with-dsym";
				ENABLE_NS_ASSERTIONS = NO;
				ENABLE_STRICT_OBJC_MSGSEND = YES;
				GCC_C_LANGUAGE_STANDARD = gnu11;
				GCC_NO_COMMON_BLOCKS = YES;
				GCC_WARN_64_TO_32_BIT_CONVERSION = YES;
				GCC_WARN_ABOUT_RETURN_TYPE = YES_ERROR;
				GCC_WARN_UNDECLARED_SELECTOR = YES;
				GCC_WARN_UNINITIALIZED_AUTOS = YES_AGGRESSIVE;
				GCC_WARN_UNUSED_FUNCTION = YES;
				GCC_WARN_UNUSED_VARIABLE = YES;
				IPHONEOS_DEPLOYMENT_TARGET = 12.2;
				MTL_ENABLE_DEBUG_INFO = NO;
				MTL_FAST_MATH = YES;
				SDKROOT = iphoneos;
				SWIFT_COMPILATION_MODE = wholemodule;
				SWIFT_OPTIMIZATION_LEVEL = "-O";
				VALIDATE_PRODUCT = YES;
			};
			name = Release;
		};
		2726873722D3B9A7002145BF /* Debug */ = {
			isa = XCBuildConfiguration;
			baseConfigurationReference = 61B734F1CAD82AA144E02D8C /* Pods-Shaking.debug.xcconfig */;
			buildSettings = {
				ASSETCATALOG_COMPILER_APPICON_NAME = AppIcon;
				CODE_SIGN_STYLE = Automatic;
				DEVELOPMENT_TEAM = 74M49B6F62;
				INFOPLIST_FILE = Shaking/Info.plist;
				LD_RUNPATH_SEARCH_PATHS = (
					"$(inherited)",
					"@executable_path/Frameworks",
				);
				PRODUCT_BUNDLE_IDENTIFIER = com.mike.Shaking;
				PRODUCT_NAME = "$(TARGET_NAME)";
				SWIFT_VERSION = 5.0;
				TARGETED_DEVICE_FAMILY = "1,2";
			};
			name = Debug;
		};
		2726873822D3B9A7002145BF /* Release */ = {
			isa = XCBuildConfiguration;
			baseConfigurationReference = 7B97F4A6AD979D24B7B2D007 /* Pods-Shaking.release.xcconfig */;
			buildSettings = {
				ASSETCATALOG_COMPILER_APPICON_NAME = AppIcon;
				CODE_SIGN_STYLE = Automatic;
				DEVELOPMENT_TEAM = 74M49B6F62;
				INFOPLIST_FILE = Shaking/Info.plist;
				LD_RUNPATH_SEARCH_PATHS = (
					"$(inherited)",
					"@executable_path/Frameworks",
				);
				PRODUCT_BUNDLE_IDENTIFIER = com.mike.Shaking;
				PRODUCT_NAME = "$(TARGET_NAME)";
				SWIFT_VERSION = 5.0;
				TARGETED_DEVICE_FAMILY = "1,2";
			};
			name = Release;
		};
/* End XCBuildConfiguration section */

/* Begin XCConfigurationList section */
		2726871F22D3B9A6002145BF /* Build configuration list for PBXProject "Shaking" */ = {
			isa = XCConfigurationList;
			buildConfigurations = (
				2726873422D3B9A7002145BF /* Debug */,
				2726873522D3B9A7002145BF /* Release */,
			);
			defaultConfigurationIsVisible = 0;
			defaultConfigurationName = Release;
		};
		2726873622D3B9A7002145BF /* Build configuration list for PBXNativeTarget "Shaking" */ = {
			isa = XCConfigurationList;
			buildConfigurations = (
				2726873722D3B9A7002145BF /* Debug */,
				2726873822D3B9A7002145BF /* Release */,
			);
			defaultConfigurationIsVisible = 0;
			defaultConfigurationName = Release;
		};
/* End XCConfigurationList section */
	};
	rootObject = 2726871C22D3B9A6002145BF /* Project object */;
}
