// !$*UTF8*$!
{
	archiveVersion = 1;
	classes = {
	};
	objectVersion = 50;
	objects = {

/* Begin PBXBuildFile section */
		270F56DC22898EA400A42E7E /* AppDelegate.swift in Sources */ = {isa = PBXBuildFile; fileRef = 270F56DB22898EA400A42E7E /* AppDelegate.swift */; };
		270F56DE22898EA400A42E7E /* ViewController.swift in Sources */ = {isa = PBXBuildFile; fileRef = 270F56DD22898EA400A42E7E /* ViewController.swift */; };
		270F56E122898EA400A42E7E /* Main.storyboard in Resources */ = {isa = PBXBuildFile; fileRef = 270F56DF22898EA400A42E7E /* Main.storyboard */; };
		270F56E322898EA600A42E7E /* Assets.xcassets in Resources */ = {isa = PBXBuildFile; fileRef = 270F56E222898EA600A42E7E /* Assets.xcassets */; };
		270F56E622898EA600A42E7E /* LaunchScreen.storyboard in Resources */ = {isa = PBXBuildFile; fileRef = 270F56E422898EA600A42E7E /* LaunchScreen.storyboard */; };
/* End PBXBuildFile section */

/* Begin PBXFileReference section */
		270F56D822898EA400A42E7E /* HelloUIView.app */ = {isa = PBXFileReference; explicitFileType = wrapper.application; includeInIndex = 0; path = HelloUIView.app; sourceTree = BUILT_PRODUCTS_DIR; };
		270F56DB22898EA400A42E7E /* AppDelegate.swift */ = {isa = PBXFileReference; lastKnownFileType = sourcecode.swift; path = AppDelegate.swift; sourceTree = "<group>"; };
		270F56DD22898EA400A42E7E /* ViewController.swift */ = {isa = PBXFileReference; lastKnownFileType = sourcecode.swift; path = ViewController.swift; sourceTree = "<group>"; };
		270F56E022898EA400A42E7E /* Base */ = {isa = PBXFileReference; lastKnownFileType = file.storyboard; name = Base; path = Base.lproj/Main.storyboard; sourceTree = "<group>"; };
		270F56E222898EA600A42E7E /* Assets.xcassets */ = {isa = PBXFileReference; lastKnownFileType = folder.assetcatalog; path = Assets.xcassets; sourceTree = "<group>"; };
		270F56E522898EA600A42E7E /* Base */ = {isa = PBXFileReference; lastKnownFileType = file.storyboard; name = Base; path = Base.lproj/LaunchScreen.storyboard; sourceTree = "<group>"; };
		270F56E722898EA600A42E7E /* Info.plist */ = {isa = PBXFileReference; lastKnownFileType = text.plist.xml; path = Info.plist; sourceTree = "<group>"; };
/* End PBXFileReference section */

/* Begin PBXFrameworksBuildPhase section */
		270F56D522898EA400A42E7E /* Frameworks */ = {
			isa = PBXFrameworksBuildPhase;
			buildActionMask = 2147483647;
			files = (
			);
			runOnlyForDeploymentPostprocessing = 0;
		};
/* End PBXFrameworksBuildPhase section */

/* Begin PBXGroup section */
		270F56CF22898EA400A42E7E = {
			isa = PBXGroup;
			children = (
				270F56DA22898EA400A42E7E /* HelloUIView */,
				270F56D922898EA400A42E7E /* Products */,
			);
			sourceTree = "<group>";
		};
		270F56D922898EA400A42E7E /* Products */ = {
			isa = PBXGroup;
			children = (
				270F56D822898EA400A42E7E /* HelloUIView.app */,
			);
			name = Products;
			sourceTree = "<group>";
		};
		270F56DA22898EA400A42E7E /* HelloUIView */ = {
			isa = PBXGroup;
			children = (
				270F56DB22898EA400A42E7E /* AppDelegate.swift */,
				270F56DD22898EA400A42E7E /* ViewController.swift */,
				270F56DF22898EA400A42E7E /* Main.storyboard */,
				270F56E222898EA600A42E7E /* Assets.xcassets */,
				270F56E422898EA600A42E7E /* LaunchScreen.storyboard */,
				270F56E722898EA600A42E7E /* Info.plist */,
			);
			path = HelloUIView;
			sourceTree = "<group>";
		};
/* End PBXGroup section */

/* Begin PBXNativeTarget section */
		270F56D722898EA400A42E7E /* HelloUIView */ = {
			isa = PBXNativeTarget;
			buildConfigurationList = 270F56EA22898EA600A42E7E /* Build configuration list for PBXNativeTarget "HelloUIView" */;
			buildPhases = (
				270F56D422898EA400A42E7E /* Sources */,
				270F56D522898EA400A42E7E /* Frameworks */,
				270F56D622898EA400A42E7E /* Resources */,
			);
			buildRules = (
			);
			dependencies = (
			);
			name = HelloUIView;
			productName = HelloUIView;
			productReference = 270F56D822898EA400A42E7E /* HelloUIView.app */;
			productType = "com.apple.product-type.application";
		};
/* End PBXNativeTarget section */

/* Begin PBXProject section */
		270F56D022898EA400A42E7E /* Project object */ = {
			isa = PBXProject;
			attributes = {
				LastSwiftUpdateCheck = 1020;
				LastUpgradeCheck = 1020;
				ORGANIZATIONNAME = mike;
				TargetAttributes = {
					270F56D722898EA400A42E7E = {
						CreatedOnToolsVersion = 10.2.1;
					};
				};
			};
			buildConfigurationList = 270F56D322898EA400A42E7E /* Build configuration list for PBXProject "HelloUIView" */;
			compatibilityVersion = "Xcode 9.3";
			developmentRegion = en;
			hasScannedForEncodings = 0;
			knownRegions = (
				en,
				Base,
			);
			mainGroup = 270F56CF22898EA400A42E7E;
			productRefGroup = 270F56D922898EA400A42E7E /* Products */;
			projectDirPath = "";
			projectRoot = "";
			targets = (
				270F56D722898EA400A42E7E /* HelloUIView */,
			);
		};
/* End PBXProject section */

/* Begin PBXResourcesBuildPhase section */
		270F56D622898EA400A42E7E /* Resources */ = {
			isa = PBXResourcesBuildPhase;
			buildActionMask = 2147483647;
			files = (
				270F56E622898EA600A42E7E /* LaunchScreen.storyboard in Resources */,
				270F56E322898EA600A42E7E /* Assets.xcassets in Resources */,
				270F56E122898EA400A42E7E /* Main.storyboard in Resources */,
			);
			runOnlyForDeploymentPostprocessing = 0;
		};
/* End PBXResourcesBuildPhase section */

/* Begin PBXSourcesBuildPhase section */
		270F56D422898EA400A42E7E /* Sources */ = {
			isa = PBXSourcesBuildPhase;
			buildActionMask = 2147483647;
			files = (
				270F56DE22898EA400A42E7E /* ViewController.swift in Sources */,
				270F56DC22898EA400A42E7E /* AppDelegate.swift in Sources */,
			);
			runOnlyForDeploymentPostprocessing = 0;
		};
/* End PBXSourcesBuildPhase section */

/* Begin PBXVariantGroup section */
		270F56DF22898EA400A42E7E /* Main.storyboard */ = {
			isa = PBXVariantGroup;
			children = (
				270F56E022898EA400A42E7E /* Base */,
			);
			name = Main.storyboard;
			sourceTree = "<group>";
		};
		270F56E422898EA600A42E7E /* LaunchScreen.storyboard */ = {
			isa = PBXVariantGroup;
			children = (
				270F56E522898EA600A42E7E /* Base */,
			);
			name = LaunchScreen.storyboard;
			sourceTree = "<group>";
		};
/* End PBXVariantGroup section */

/* Begin XCBuildConfiguration section */
		270F56E822898EA600A42E7E /* Debug */ = {
			isa = XCBuildConfiguration;
			buildSettings = {
				ALWAYS_SEARCH_USER_PATHS = NO;
				CLANG_ANALYZER_NONNULL = YES;
				CLANG_ANALYZER_NUMBER_OBJECT_CONVERSION = YES_AGGRESSIVE;
				CLANG_CXX_LANGUAGE_STANDARD = "gnu++14";
				CLANG_CXX_LIBRARY = "libc++";
				CLANG_ENABLE_MODULES = YES;
				CLANG_ENABLE_OBJC_ARC = YES;
				CLANG_ENABLE_OBJC_WEAK = YES;
				CLANG_WARN_BLOCK_CAPTURE_AUTORELEASING = YES;
				CLANG_WARN_BOOL_CONVERSION = YES;
				CLANG_WARN_COMMA = YES;
				CLANG_WARN_CONSTANT_CONVERSION = YES;
				CLANG_WARN_DEPRECATED_OBJC_IMPLEMENTATIONS = YES;
				CLANG_WARN_DIRECT_OBJC_ISA_USAGE = YES_ERROR;
				CLANG_WARN_DOCUMENTATION_COMMENTS = YES;
				CLANG_WARN_EMPTY_BODY = YES;
				CLANG_WARN_ENUM_CONVERSION = YES;
				CLANG_WARN_INFINITE_RECURSION = YES;
				CLANG_WARN_INT_CONVERSION = YES;
				CLANG_WARN_NON_LITERAL_NULL_CONVERSION = YES;
				CLANG_WARN_OBJC_IMPLICIT_RETAIN_SELF = YES;
				CLANG_WARN_OBJC_LITERAL_CONVERSION = YES;
				CLANG_WARN_OBJC_ROOT_CLASS = YES_ERROR;
				CLANG_WARN_RANGE_LOOP_ANALYSIS = YES;
				CLANG_WARN_STRICT_PROTOTYPES = YES;
				CLANG_WARN_SUSPICIOUS_MOVE = YES;
				CLANG_WARN_UNGUARDED_AVAILABILITY = YES_AGGRESSIVE;
				CLANG_WARN_UNREACHABLE_CODE = YES;
				CLANG_WARN__DUPLICATE_METHOD_MATCH = YES;
				CODE_SIGN_IDENTITY = "iPhone Developer";
				COPY_PHASE_STRIP = NO;
				DEBUG_INFORMATION_FORMAT = dwarf;
				ENABLE_STRICT_OBJC_MSGSEND = YES;
				ENABLE_TESTABILITY = YES;
				GCC_C_LANGUAGE_STANDARD = gnu11;
				GCC_DYNAMIC_NO_PIC = NO;
				GCC_NO_COMMON_BLOCKS = YES;
				GCC_OPTIMIZATION_LEVEL = 0;
				GCC_PREPROCESSOR_DEFINITIONS = (
					"DEBUG=1",
					"$(inherited)",
				);
				GCC_WARN_64_TO_32_BIT_CONVERSION = YES;
				GCC_WARN_ABOUT_RETURN_TYPE = YES_ERROR;
				GCC_WARN_UNDECLARED_SELECTOR = YES;
				GCC_WARN_UNINITIALIZED_AUTOS = YES_AGGRESSIVE;
				GCC_WARN_UNUSED_FUNCTION = YES;
				GCC_WARN_UNUSED_VARIABLE = YES;
				IPHONEOS_DEPLOYMENT_TARGET = 12.2;
				MTL_ENABLE_DEBUG_INFO = INCLUDE_SOURCE;
				MTL_FAST_MATH = YES;
				ONLY_ACTIVE_ARCH = YES;
				SDKROOT = iphoneos;
				SWIFT_ACTIVE_COMPILATION_CONDITIONS = DEBUG;
				SWIFT_OPTIMIZATION_LEVEL = "-Onone";
			};
			name = Debug;
		};
		270F56E922898EA600A42E7E /* Release */ = {
			isa = XCBuildConfiguration;
			buildSettings = {
				ALWAYS_SEARCH_USER_PATHS = NO;
				CLANG_ANALYZER_NONNULL = YES;
				CLANG_ANALYZER_NUMBER_OBJECT_CONVERSION = YES_AGGRESSIVE;
				CLANG_CXX_LANGUAGE_STANDARD = "gnu++14";
				CLANG_CXX_LIBRARY = "libc++";
				CLANG_ENABLE_MODULES = YES;
				CLANG_ENABLE_OBJC_ARC = YES;
				CLANG_ENABLE_OBJC_WEAK = YES;
				CLANG_WARN_BLOCK_CAPTURE_AUTORELEASING = YES;
				CLANG_WARN_BOOL_CONVERSION = YES;
				CLANG_WARN_COMMA = YES;
				CLANG_WARN_CONSTANT_CONVERSION = YES;
				CLANG_WARN_DEPRECATED_OBJC_IMPLEMENTATIONS = YES;
				CLANG_WARN_DIRECT_OBJC_ISA_USAGE = YES_ERROR;
				CLANG_WARN_DOCUMENTATION_COMMENTS = YES;
				CLANG_WARN_EMPTY_BODY = YES;
				CLANG_WARN_ENUM_CONVERSION = YES;
				CLANG_WARN_INFINITE_RECURSION = YES;
				CLANG_WARN_INT_CONVERSION = YES;
				CLANG_WARN_NON_LITERAL_NULL_CONVERSION = YES;
				CLANG_WARN_OBJC_IMPLICIT_RETAIN_SELF = YES;
				CLANG_WARN_OBJC_LITERAL_CONVERSION = YES;
				CLANG_WARN_OBJC_ROOT_CLASS = YES_ERROR;
				CLANG_WARN_RANGE_LOOP_ANALYSIS = YES;
				CLANG_WARN_STRICT_PROTOTYPES = YES;
				CLANG_WARN_SUSPICIOUS_MOVE = YES;
				CLANG_WARN_UNGUARDED_AVAILABILITY = YES_AGGRESSIVE;
				CLANG_WARN_UNREACHABLE_CODE = YES;
				CLANG_WARN__DUPLICATE_METHOD_MATCH = YES;
				CODE_SIGN_IDENTITY = "iPhone Developer";
				COPY_PHASE_STRIP = NO;
				DEBUG_INFORMATION_FORMAT = "dwarf-with-dsym";
				ENABLE_NS_ASSERTIONS = NO;
				ENABLE_STRICT_OBJC_MSGSEND = YES;
				GCC_C_LANGUAGE_STANDARD = gnu11;
				GCC_NO_COMMON_BLOCKS = YES;
				GCC_WARN_64_TO_32_BIT_CONVERSION = YES;
				GCC_WARN_ABOUT_RETURN_TYPE = YES_ERROR;
				GCC_WARN_UNDECLARED_SELECTOR = YES;
				GCC_WARN_UNINITIALIZED_AUTOS = YES_AGGRESSIVE;
				GCC_WARN_UNUSED_FUNCTION = YES;
				GCC_WARN_UNUSED_VARIABLE = YES;
				IPHONEOS_DEPLOYMENT_TARGET = 12.2;
				MTL_ENABLE_DEBUG_INFO = NO;
				MTL_FAST_MATH = YES;
				SDKROOT = iphoneos;
				SWIFT_COMPILATION_MODE = wholemodule;
				SWIFT_OPTIMIZATION_LEVEL = "-O";
				VALIDATE_PRODUCT = YES;
			};
			name = Release;
		};
		270F56EB22898EA600A42E7E /* Debug */ = {
			isa = XCBuildConfiguration;
			buildSettings = {
				ASSETCATALOG_COMPILER_APPICON_NAME = AppIcon;
				CODE_SIGN_STYLE = Automatic;
				INFOPLIST_FILE = HelloUIView/Info.plist;
				LD_RUNPATH_SEARCH_PATHS = (
					"$(inherited)",
					"@executable_path/Frameworks",
				);
				PRODUCT_BUNDLE_IDENTIFIER = com.mike.HelloUIView;
				PRODUCT_NAME = "$(TARGET_NAME)";
				SWIFT_VERSION = 5.0;
				TARGETED_DEVICE_FAMILY = "1,2";
			};
			name = Debug;
		};
		270F56EC22898EA600A42E7E /* Release */ = {
			isa = XCBuildConfiguration;
			buildSettings = {
				ASSETCATALOG_COMPILER_APPICON_NAME = AppIcon;
				CODE_SIGN_STYLE = Automatic;
				INFOPLIST_FILE = HelloUIView/Info.plist;
				LD_RUNPATH_SEARCH_PATHS = (
					"$(inherited)",
					"@executable_path/Frameworks",
				);
				PRODUCT_BUNDLE_IDENTIFIER = com.mike.HelloUIView;
				PRODUCT_NAME = "$(TARGET_NAME)";
				SWIFT_VERSION = 5.0;
				TARGETED_DEVICE_FAMILY = "1,2";
			};
			name = Release;
		};
/* End XCBuildConfiguration section */

/* Begin XCConfigurationList section */
		270F56D322898EA400A42E7E /* Build configuration list for PBXProject "HelloUIView" */ = {
			isa = XCConfigurationList;
			buildConfigurations = (
				270F56E822898EA600A42E7E /* Debug */,
				270F56E922898EA600A42E7E /* Release */,
			);
			defaultConfigurationIsVisible = 0;
			defaultConfigurationName = Release;
		};
		270F56EA22898EA600A42E7E /* Build configuration list for PBXNativeTarget "HelloUIView" */ = {
			isa = XCConfigurationList;
			buildConfigurations = (
				270F56EB22898EA600A42E7E /* Debug */,
				270F56EC22898EA600A42E7E /* Release */,
			);
			defaultConfigurationIsVisible = 0;
			defaultConfigurationName = Release;
		};
/* End XCConfigurationList section */
	};
	rootObject = 270F56D022898EA400A42E7E /* Project object */;
}
